// !$*UTF8*$!
{
	archiveVersion = 1;
	classes = {
	};
	objectVersion = 46;
	objects = {

/* Begin PBXBuildFile section */
		7036605318305C5B00E648D7 /* Foundation.framework in Frameworks */ = {isa = PBXBuildFile; fileRef = 7036605218305C5B00E648D7 /* Foundation.framework */; };
		7036605518305C5B00E648D7 /* CoreGraphics.framework in Frameworks */ = {isa = PBXBuildFile; fileRef = 7036605418305C5B00E648D7 /* CoreGraphics.framework */; };
		7036605718305C5B00E648D7 /* UIKit.framework in Frameworks */ = {isa = PBXBuildFile; fileRef = 7036605618305C5B00E648D7 /* UIKit.framework */; };
		7036605D18305C5B00E648D7 /* InfoPlist.strings in Resources */ = {isa = PBXBuildFile; fileRef = 7036605B18305C5B00E648D7 /* InfoPlist.strings */; };
		7036605F18305C5B00E648D7 /* main.m in Sources */ = {isa = PBXBuildFile; fileRef = 7036605E18305C5B00E648D7 /* main.m */; };
		7036606318305C5B00E648D7 /* AppDelegate.m in Sources */ = {isa = PBXBuildFile; fileRef = 7036606218305C5B00E648D7 /* AppDelegate.m */; };
		7036606618305C5B00E648D7 /* Main.storyboard in Resources */ = {isa = PBXBuildFile; fileRef = 7036606418305C5B00E648D7 /* Main.storyboard */; };
		7036606918305C5B00E648D7 /* ViewController.m in Sources */ = {isa = PBXBuildFile; fileRef = 7036606818305C5B00E648D7 /* ViewController.m */; };
		7036606B18305C5B00E648D7 /* Images.xcassets in Resources */ = {isa = PBXBuildFile; fileRef = 7036606A18305C5B00E648D7 /* Images.xcassets */; };
		7036607218305C5B00E648D7 /* XCTest.framework in Frameworks */ = {isa = PBXBuildFile; fileRef = 7036607118305C5B00E648D7 /* XCTest.framework */; };
		7036607318305C5B00E648D7 /* Foundation.framework in Frameworks */ = {isa = PBXBuildFile; fileRef = 7036605218305C5B00E648D7 /* Foundation.framework */; };
		7036607418305C5B00E648D7 /* UIKit.framework in Frameworks */ = {isa = PBXBuildFile; fileRef = 7036605618305C5B00E648D7 /* UIKit.framework */; };
		7036607C18305C5B00E648D7 /* InfoPlist.strings in Resources */ = {isa = PBXBuildFile; fileRef = 7036607A18305C5B00E648D7 /* InfoPlist.strings */; };
		7036607E18305C5B00E648D7 /* robot_farmTests.m in Sources */ = {isa = PBXBuildFile; fileRef = 7036607D18305C5B00E648D7 /* robot_farmTests.m */; };
/* End PBXBuildFile section */

/* Begin PBXContainerItemProxy section */
		7036607518305C5B00E648D7 /* PBXContainerItemProxy */ = {
			isa = PBXContainerItemProxy;
			containerPortal = 7036604718305C5B00E648D7 /* Project object */;
			proxyType = 1;
			remoteGlobalIDString = 7036604E18305C5B00E648D7;
			remoteInfo = "robot-farm";
		};
/* End PBXContainerItemProxy section */

/* Begin PBXFileReference section */
		7036604F18305C5B00E648D7 /* robot-farm.app */ = {isa = PBXFileReference; explicitFileType = wrapper.application; includeInIndex = 0; path = "robot-farm.app"; sourceTree = BUILT_PRODUCTS_DIR; };
		7036605218305C5B00E648D7 /* Foundation.framework */ = {isa = PBXFileReference; lastKnownFileType = wrapper.framework; name = Foundation.framework; path = System/Library/Frameworks/Foundation.framework; sourceTree = SDKROOT; };
		7036605418305C5B00E648D7 /* CoreGraphics.framework */ = {isa = PBXFileReference; lastKnownFileType = wrapper.framework; name = CoreGraphics.framework; path = System/Library/Frameworks/CoreGraphics.framework; sourceTree = SDKROOT; };
		7036605618305C5B00E648D7 /* UIKit.framework */ = {isa = PBXFileReference; lastKnownFileType = wrapper.framework; name = UIKit.framework; path = System/Library/Frameworks/UIKit.framework; sourceTree = SDKROOT; };
		7036605A18305C5B00E648D7 /* robot-farm-Info.plist */ = {isa = PBXFileReference; lastKnownFileType = text.plist.xml; path = "robot-farm-Info.plist"; sourceTree = "<group>"; };
		7036605C18305C5B00E648D7 /* en */ = {isa = PBXFileReference; lastKnownFileType = text.plist.strings; name = en; path = en.lproj/InfoPlist.strings; sourceTree = "<group>"; };
		7036605E18305C5B00E648D7 /* main.m */ = {isa = PBXFileReference; lastKnownFileType = sourcecode.c.objc; path = main.m; sourceTree = "<group>"; };
		7036606018305C5B00E648D7 /* robot-farm-Prefix.pch */ = {isa = PBXFileReference; lastKnownFileType = sourcecode.c.h; path = "robot-farm-Prefix.pch"; sourceTree = "<group>"; };
		7036606118305C5B00E648D7 /* AppDelegate.h */ = {isa = PBXFileReference; lastKnownFileType = sourcecode.c.h; path = AppDelegate.h; sourceTree = "<group>"; };
		7036606218305C5B00E648D7 /* AppDelegate.m */ = {isa = PBXFileReference; lastKnownFileType = sourcecode.c.objc; path = AppDelegate.m; sourceTree = "<group>"; };
		7036606518305C5B00E648D7 /* Base */ = {isa = PBXFileReference; lastKnownFileType = file.storyboard; name = Base; path = Base.lproj/Main.storyboard; sourceTree = "<group>"; };
		7036606718305C5B00E648D7 /* ViewController.h */ = {isa = PBXFileReference; lastKnownFileType = sourcecode.c.h; path = ViewController.h; sourceTree = "<group>"; };
		7036606818305C5B00E648D7 /* ViewController.m */ = {isa = PBXFileReference; lastKnownFileType = sourcecode.c.objc; path = ViewController.m; sourceTree = "<group>"; };
		7036606A18305C5B00E648D7 /* Images.xcassets */ = {isa = PBXFileReference; lastKnownFileType = folder.assetcatalog; path = Images.xcassets; sourceTree = "<group>"; };
		7036607018305C5B00E648D7 /* robot-farmTests.xctest */ = {isa = PBXFileReference; explicitFileType = wrapper.cfbundle; includeInIndex = 0; path = "robot-farmTests.xctest"; sourceTree = BUILT_PRODUCTS_DIR; };
		7036607118305C5B00E648D7 /* XCTest.framework */ = {isa = PBXFileReference; lastKnownFileType = wrapper.framework; name = XCTest.framework; path = Library/Frameworks/XCTest.framework; sourceTree = DEVELOPER_DIR; };
		7036607918305C5B00E648D7 /* robot-farmTests-Info.plist */ = {isa = PBXFileReference; lastKnownFileType = text.plist.xml; path = "robot-farmTests-Info.plist"; sourceTree = "<group>"; };
		7036607B18305C5B00E648D7 /* en */ = {isa = PBXFileReference; lastKnownFileType = text.plist.strings; name = en; path = en.lproj/InfoPlist.strings; sourceTree = "<group>"; };
		7036607D18305C5B00E648D7 /* robot_farmTests.m */ = {isa = PBXFileReference; lastKnownFileType = sourcecode.c.objc; path = robot_farmTests.m; sourceTree = "<group>"; };
/* End PBXFileReference section */

/* Begin PBXFrameworksBuildPhase section */
		7036604C18305C5B00E648D7 /* Frameworks */ = {
			isa = PBXFrameworksBuildPhase;
			buildActionMask = 2147483647;
			files = (
				7036605518305C5B00E648D7 /* CoreGraphics.framework in Frameworks */,
				7036605718305C5B00E648D7 /* UIKit.framework in Frameworks */,
				7036605318305C5B00E648D7 /* Foundation.framework in Frameworks */,
			);
			runOnlyForDeploymentPostprocessing = 0;
		};
		7036606D18305C5B00E648D7 /* Frameworks */ = {
			isa = PBXFrameworksBuildPhase;
			buildActionMask = 2147483647;
			files = (
				7036607218305C5B00E648D7 /* XCTest.framework in Frameworks */,
				7036607418305C5B00E648D7 /* UIKit.framework in Frameworks */,
				7036607318305C5B00E648D7 /* Foundation.framework in Frameworks */,
			);
			runOnlyForDeploymentPostprocessing = 0;
		};
/* End PBXFrameworksBuildPhase section */

/* Begin PBXGroup section */
		7036604618305C5B00E648D7 = {
			isa = PBXGroup;
			children = (
				7036605818305C5B00E648D7 /* robot-farm */,
				7036607718305C5B00E648D7 /* robot-farmTests */,
				7036605118305C5B00E648D7 /* Frameworks */,
				7036605018305C5B00E648D7 /* Products */,
			);
			sourceTree = "<group>";
		};
		7036605018305C5B00E648D7 /* Products */ = {
			isa = PBXGroup;
			children = (
				7036604F18305C5B00E648D7 /* robot-farm.app */,
				7036607018305C5B00E648D7 /* robot-farmTests.xctest */,
			);
			name = Products;
			sourceTree = "<group>";
		};
		7036605118305C5B00E648D7 /* Frameworks */ = {
			isa = PBXGroup;
			children = (
				7036605218305C5B00E648D7 /* Foundation.framework */,
				7036605418305C5B00E648D7 /* CoreGraphics.framework */,
				7036605618305C5B00E648D7 /* UIKit.framework */,
				7036607118305C5B00E648D7 /* XCTest.framework */,
			);
			name = Frameworks;
			sourceTree = "<group>";
		};
		7036605818305C5B00E648D7 /* robot-farm */ = {
			isa = PBXGroup;
			children = (
				7036606118305C5B00E648D7 /* AppDelegate.h */,
				7036606218305C5B00E648D7 /* AppDelegate.m */,
				7036606418305C5B00E648D7 /* Main.storyboard */,
				7036606718305C5B00E648D7 /* ViewController.h */,
				7036606818305C5B00E648D7 /* ViewController.m */,
				7036606A18305C5B00E648D7 /* Images.xcassets */,
				7036605918305C5B00E648D7 /* Supporting Files */,
			);
			path = "robot-farm";
			sourceTree = "<group>";
		};
		7036605918305C5B00E648D7 /* Supporting Files */ = {
			isa = PBXGroup;
			children = (
				7036605A18305C5B00E648D7 /* robot-farm-Info.plist */,
				7036605B18305C5B00E648D7 /* InfoPlist.strings */,
				7036605E18305C5B00E648D7 /* main.m */,
				7036606018305C5B00E648D7 /* robot-farm-Prefix.pch */,
			);
			name = "Supporting Files";
			sourceTree = "<group>";
		};
		7036607718305C5B00E648D7 /* robot-farmTests */ = {
			isa = PBXGroup;
			children = (
				7036607D18305C5B00E648D7 /* robot_farmTests.m */,
				7036607818305C5B00E648D7 /* Supporting Files */,
			);
			path = "robot-farmTests";
			sourceTree = "<group>";
		};
		7036607818305C5B00E648D7 /* Supporting Files */ = {
			isa = PBXGroup;
			children = (
				7036607918305C5B00E648D7 /* robot-farmTests-Info.plist */,
				7036607A18305C5B00E648D7 /* InfoPlist.strings */,
			);
			name = "Supporting Files";
			sourceTree = "<group>";
		};
/* End PBXGroup section */

/* Begin PBXNativeTarget section */
		7036604E18305C5B00E648D7 /* robot-farm */ = {
			isa = PBXNativeTarget;
			buildConfigurationList = 7036608118305C5B00E648D7 /* Build configuration list for PBXNativeTarget "robot-farm" */;
			buildPhases = (
				7036604B18305C5B00E648D7 /* Sources */,
				7036604C18305C5B00E648D7 /* Frameworks */,
				7036604D18305C5B00E648D7 /* Resources */,
			);
			buildRules = (
			);
			dependencies = (
			);
			name = "robot-farm";
			productName = "robot-farm";
			productReference = 7036604F18305C5B00E648D7 /* robot-farm.app */;
			productType = "com.apple.product-type.application";
		};
		7036606F18305C5B00E648D7 /* robot-farmTests */ = {
			isa = PBXNativeTarget;
			buildConfigurationList = 7036608418305C5B00E648D7 /* Build configuration list for PBXNativeTarget "robot-farmTests" */;
			buildPhases = (
				7036606C18305C5B00E648D7 /* Sources */,
				7036606D18305C5B00E648D7 /* Frameworks */,
				7036606E18305C5B00E648D7 /* Resources */,
			);
			buildRules = (
			);
			dependencies = (
				7036607618305C5B00E648D7 /* PBXTargetDependency */,
			);
			name = "robot-farmTests";
			productName = "robot-farmTests";
			productReference = 7036607018305C5B00E648D7 /* robot-farmTests.xctest */;
			productType = "com.apple.product-type.bundle.unit-test";
		};
/* End PBXNativeTarget section */

/* Begin PBXProject section */
		7036604718305C5B00E648D7 /* Project object */ = {
			isa = PBXProject;
			attributes = {
				LastUpgradeCheck = 0500;
				ORGANIZATIONNAME = "Anthony Perritano";
				TargetAttributes = {
					7036606F18305C5B00E648D7 = {
						TestTargetID = 7036604E18305C5B00E648D7;
					};
				};
			};
			buildConfigurationList = 7036604A18305C5B00E648D7 /* Build configuration list for PBXProject "robot-farm" */;
			compatibilityVersion = "Xcode 3.2";
			developmentRegion = English;
			hasScannedForEncodings = 0;
			knownRegions = (
				en,
				Base,
			);
			mainGroup = 7036604618305C5B00E648D7;
			productRefGroup = 7036605018305C5B00E648D7 /* Products */;
			projectDirPath = "";
			projectRoot = "";
			targets = (
				7036604E18305C5B00E648D7 /* robot-farm */,
				7036606F18305C5B00E648D7 /* robot-farmTests */,
			);
		};
/* End PBXProject section */

/* Begin PBXResourcesBuildPhase section */
		7036604D18305C5B00E648D7 /* Resources */ = {
			isa = PBXResourcesBuildPhase;
			buildActionMask = 2147483647;
			files = (
				7036606B18305C5B00E648D7 /* Images.xcassets in Resources */,
				7036605D18305C5B00E648D7 /* InfoPlist.strings in Resources */,
				7036606618305C5B00E648D7 /* Main.storyboard in Resources */,
			);
			runOnlyForDeploymentPostprocessing = 0;
		};
		7036606E18305C5B00E648D7 /* Resources */ = {
			isa = PBXResourcesBuildPhase;
			buildActionMask = 2147483647;
			files = (
				7036607C18305C5B00E648D7 /* InfoPlist.strings in Resources */,
			);
			runOnlyForDeploymentPostprocessing = 0;
		};
/* End PBXResourcesBuildPhase section */

/* Begin PBXSourcesBuildPhase section */
		7036604B18305C5B00E648D7 /* Sources */ = {
			isa = PBXSourcesBuildPhase;
			buildActionMask = 2147483647;
			files = (
				7036606918305C5B00E648D7 /* ViewController.m in Sources */,
				7036606318305C5B00E648D7 /* AppDelegate.m in Sources */,
				7036605F18305C5B00E648D7 /* main.m in Sources */,
			);
			runOnlyForDeploymentPostprocessing = 0;
		};
		7036606C18305C5B00E648D7 /* Sources */ = {
			isa = PBXSourcesBuildPhase;
			buildActionMask = 2147483647;
			files = (
				7036607E18305C5B00E648D7 /* robot_farmTests.m in Sources */,
			);
			runOnlyForDeploymentPostprocessing = 0;
		};
/* End PBXSourcesBuildPhase section */

/* Begin PBXTargetDependency section */
		7036607618305C5B00E648D7 /* PBXTargetDependency */ = {
			isa = PBXTargetDependency;
			target = 7036604E18305C5B00E648D7 /* robot-farm */;
			targetProxy = 7036607518305C5B00E648D7 /* PBXContainerItemProxy */;
		};
/* End PBXTargetDependency section */

/* Begin PBXVariantGroup section */
		7036605B18305C5B00E648D7 /* InfoPlist.strings */ = {
			isa = PBXVariantGroup;
			children = (
				7036605C18305C5B00E648D7 /* en */,
			);
			name = InfoPlist.strings;
			sourceTree = "<group>";
		};
		7036606418305C5B00E648D7 /* Main.storyboard */ = {
			isa = PBXVariantGroup;
			children = (
				7036606518305C5B00E648D7 /* Base */,
			);
			name = Main.storyboard;
			sourceTree = "<group>";
		};
		7036607A18305C5B00E648D7 /* InfoPlist.strings */ = {
			isa = PBXVariantGroup;
			children = (
				7036607B18305C5B00E648D7 /* en */,
			);
			name = InfoPlist.strings;
			sourceTree = "<group>";
		};
/* End PBXVariantGroup section */

/* Begin XCBuildConfiguration section */
		7036607F18305C5B00E648D7 /* Debug */ = {
			isa = XCBuildConfiguration;
			buildSettings = {
				ALWAYS_SEARCH_USER_PATHS = NO;
				ARCHS = "$(ARCHS_STANDARD_INCLUDING_64_BIT)";
				CLANG_CXX_LANGUAGE_STANDARD = "gnu++0x";
				CLANG_CXX_LIBRARY = "libc++";
				CLANG_ENABLE_MODULES = YES;
				CLANG_ENABLE_OBJC_ARC = YES;
				CLANG_WARN_BOOL_CONVERSION = YES;
				CLANG_WARN_CONSTANT_CONVERSION = YES;
				CLANG_WARN_DIRECT_OBJC_ISA_USAGE = YES_ERROR;
				CLANG_WARN_EMPTY_BODY = YES;
				CLANG_WARN_ENUM_CONVERSION = YES;
				CLANG_WARN_INT_CONVERSION = YES;
				CLANG_WARN_OBJC_ROOT_CLASS = YES_ERROR;
				CLANG_WARN__DUPLICATE_METHOD_MATCH = YES;
				"CODE_SIGN_IDENTITY[sdk=iphoneos*]" = "iPhone Developer";
				COPY_PHASE_STRIP = NO;
				GCC_C_LANGUAGE_STANDARD = gnu99;
				GCC_DYNAMIC_NO_PIC = NO;
				GCC_OPTIMIZATION_LEVEL = 0;
				GCC_PREPROCESSOR_DEFINITIONS = (
					"DEBUG=1",
					"$(inherited)",
				);
				GCC_SYMBOLS_PRIVATE_EXTERN = NO;
				GCC_WARN_64_TO_32_BIT_CONVERSION = YES;
				GCC_WARN_ABOUT_RETURN_TYPE = YES_ERROR;
				GCC_WARN_UNDECLARED_SELECTOR = YES;
				GCC_WARN_UNINITIALIZED_AUTOS = YES;
				GCC_WARN_UNUSED_FUNCTION = YES;
				GCC_WARN_UNUSED_VARIABLE = YES;
				IPHONEOS_DEPLOYMENT_TARGET = 7.0;
				ONLY_ACTIVE_ARCH = YES;
				SDKROOT = iphoneos;
				TARGETED_DEVICE_FAMILY = 2;
			};
			name = Debug;
		};
		7036608018305C5B00E648D7 /* Release */ = {
			isa = XCBuildConfiguration;
			buildSettings = {
				ALWAYS_SEARCH_USER_PATHS = NO;
				ARCHS = "$(ARCHS_STANDARD_INCLUDING_64_BIT)";
				CLANG_CXX_LANGUAGE_STANDARD = "gnu++0x";
				CLANG_CXX_LIBRARY = "libc++";
				CLANG_ENABLE_MODULES = YES;
				CLANG_ENABLE_OBJC_ARC = YES;
				CLANG_WARN_BOOL_CONVERSION = YES;
				CLANG_WARN_CONSTANT_CONVERSION = YES;
				CLANG_WARN_DIRECT_OBJC_ISA_USAGE = YES_ERROR;
				CLANG_WARN_EMPTY_BODY = YES;
				CLANG_WARN_ENUM_CONVERSION = YES;
				CLANG_WARN_INT_CONVERSION = YES;
				CLANG_WARN_OBJC_ROOT_CLASS = YES_ERROR;
				CLANG_WARN__DUPLICATE_METHOD_MATCH = YES;
				"CODE_SIGN_IDENTITY[sdk=iphoneos*]" = "iPhone Developer";
				COPY_PHASE_STRIP = YES;
				ENABLE_NS_ASSERTIONS = NO;
				GCC_C_LANGUAGE_STANDARD = gnu99;
				GCC_WARN_64_TO_32_BIT_CONVERSION = YES;
				GCC_WARN_ABOUT_RETURN_TYPE = YES_ERROR;
				GCC_WARN_UNDECLARED_SELECTOR = YES;
				GCC_WARN_UNINITIALIZED_AUTOS = YES;
				GCC_WARN_UNUSED_FUNCTION = YES;
				GCC_WARN_UNUSED_VARIABLE = YES;
				IPHONEOS_DEPLOYMENT_TARGET = 7.0;
				SDKROOT = iphoneos;
				TARGETED_DEVICE_FAMILY = 2;
				VALIDATE_PRODUCT = YES;
			};
			name = Release;
		};
		7036608218305C5B00E648D7 /* Debug */ = {
			isa = XCBuildConfiguration;
			buildSettings = {
				ASSETCATALOG_COMPILER_APPICON_NAME = AppIcon;
				ASSETCATALOG_COMPILER_LAUNCHIMAGE_NAME = LaunchImage;
				GCC_PRECOMPILE_PREFIX_HEADER = YES;
				GCC_PREFIX_HEADER = "robot-farm/robot-farm-Prefix.pch";
				INFOPLIST_FILE = "robot-farm/robot-farm-Info.plist";
				PRODUCT_NAME = "$(TARGET_NAME)";
				WRAPPER_EXTENSION = app;
			};
			name = Debug;
		};
		7036608318305C5B00E648D7 /* Release */ = {
			isa = XCBuildConfiguration;
			buildSettings = {
				ASSETCATALOG_COMPILER_APPICON_NAME = AppIcon;
				ASSETCATALOG_COMPILER_LAUNCHIMAGE_NAME = LaunchImage;
				GCC_PRECOMPILE_PREFIX_HEADER = YES;
				GCC_PREFIX_HEADER = "robot-farm/robot-farm-Prefix.pch";
				INFOPLIST_FILE = "robot-farm/robot-farm-Info.plist";
				PRODUCT_NAME = "$(TARGET_NAME)";
				WRAPPER_EXTENSION = app;
			};
			name = Release;
		};
		7036608518305C5B00E648D7 /* Debug */ = {
			isa = XCBuildConfiguration;
			buildSettings = {
				ARCHS = "$(ARCHS_STANDARD_INCLUDING_64_BIT)";
				BUNDLE_LOADER = "$(BUILT_PRODUCTS_DIR)/robot-farm.app/robot-farm";
				FRAMEWORK_SEARCH_PATHS = (
					"$(SDKROOT)/Developer/Library/Frameworks",
					"$(inherited)",
					"$(DEVELOPER_FRAMEWORKS_DIR)",
				);
				GCC_PRECOMPILE_PREFIX_HEADER = YES;
				GCC_PREFIX_HEADER = "robot-farm/robot-farm-Prefix.pch";
				GCC_PREPROCESSOR_DEFINITIONS = (
					"DEBUG=1",
					"$(inherited)",
				);
				INFOPLIST_FILE = "robot-farmTests/robot-farmTests-Info.plist";
				PRODUCT_NAME = "$(TARGET_NAME)";
				TEST_HOST = "$(BUNDLE_LOADER)";
				WRAPPER_EXTENSION = xctest;
			};
			name = Debug;
		};
		7036608618305C5B00E648D7 /* Release */ = {
			isa = XCBuildConfiguration;
			buildSettings = {
				ARCHS = "$(ARCHS_STANDARD_INCLUDING_64_BIT)";
				BUNDLE_LOADER = "$(BUILT_PRODUCTS_DIR)/robot-farm.app/robot-farm";
				FRAMEWORK_SEARCH_PATHS = (
					"$(SDKROOT)/Developer/Library/Frameworks",
					"$(inherited)",
					"$(DEVELOPER_FRAMEWORKS_DIR)",
				);
				GCC_PRECOMPILE_PREFIX_HEADER = YES;
				GCC_PREFIX_HEADER = "robot-farm/robot-farm-Prefix.pch";
				INFOPLIST_FILE = "robot-farmTests/robot-farmTests-Info.plist";
				PRODUCT_NAME = "$(TARGET_NAME)";
				TEST_HOST = "$(BUNDLE_LOADER)";
				WRAPPER_EXTENSION = xctest;
			};
			name = Release;
		};
/* End XCBuildConfiguration section */

/* Begin XCConfigurationList section */
		7036604A18305C5B00E648D7 /* Build configuration list for PBXProject "robot-farm" */ = {
			isa = XCConfigurationList;
			buildConfigurations = (
				7036607F18305C5B00E648D7 /* Debug */,
				7036608018305C5B00E648D7 /* Release */,
			);
			defaultConfigurationIsVisible = 0;
			defaultConfigurationName = Release;
		};
		7036608118305C5B00E648D7 /* Build configuration list for PBXNativeTarget "robot-farm" */ = {
			isa = XCConfigurationList;
			buildConfigurations = (
				7036608218305C5B00E648D7 /* Debug */,
				7036608318305C5B00E648D7 /* Release */,
			);
			defaultConfigurationIsVisible = 0;
		};
		7036608418305C5B00E648D7 /* Build configuration list for PBXNativeTarget "robot-farmTests" */ = {
			isa = XCConfigurationList;
			buildConfigurations = (
				7036608518305C5B00E648D7 /* Debug */,
				7036608618305C5B00E648D7 /* Release */,
			);
			defaultConfigurationIsVisible = 0;
		};
/* End XCConfigurationList section */
	};
	rootObject = 7036604718305C5B00E648D7 /* Project object */;
}
